
Microsoft Visual Studio Solution File, Format Version 12.00
# Visual Studio Version 16
VisualStudioVersion = 16.0.30002.166
MinimumVisualStudioVersion = 10.0.40219.1
Project("{9A19103F-16F7-4668-BE54-9A1E7A4F7556}") = "ESolutions.Alexandria.Logic", "Logic\ESolutions.Alexandria.Logic.csproj", "{E9343EEB-8BEA-4E57-BD36-033065B7F97F}"
EndProject
Project("{9A19103F-16F7-4668-BE54-9A1E7A4F7556}") = "ESolutions.Alexandria.Console", "Console\ESolutions.Alexandria.Console.csproj", "{AD5F7645-C65F-4E33-A113-9A2BDB50D1D3}"
EndProject
Project("{9A19103F-16F7-4668-BE54-9A1E7A4F7556}") = "ESolutions.Alexandria.Contracts", "Contracts\ESolutions.Alexandria.Contracts.csproj", "{D343CAF2-22AB-47A2-9A02-869FDF65EA98}"
EndProject
Project("{9A19103F-16F7-4668-BE54-9A1E7A4F7556}") = "ESolutions.Alexandria.Persistence", "Persistence\ESolutions.Alexandria.Persistence.csproj", "{8D283B21-BAFE-4718-8B9C-A79B1572EA16}"
EndProject
Project("{9A19103F-16F7-4668-BE54-9A1E7A4F7556}") = "ESolutions.Alexandria.PdfFileReader", "PdfFileReader\ESolutions.Alexandria.PdfFileReader.csproj", "{08B5615A-1CB6-4EFB-9E39-5C3A8163A266}"
EndProject
Project("{9A19103F-16F7-4668-BE54-9A1E7A4F7556}") = "ESolutions.Alexandria.UnitTests", "UnitTests\ESolutions.Alexandria.UnitTests.csproj", "{A3130E4C-AC3D-4B3C-94EC-C2629C43A428}"
EndProject
Project("{9A19103F-16F7-4668-BE54-9A1E7A4F7556}") = "ESolutions.Alexandria.TxtFileReader", "TxtFileReader\ESolutions.Alexandria.TxtFileReader.csproj", "{4FBADFAE-12AF-4CA9-AC6E-3BD5AEF92F59}"
EndProject
Global
	GlobalSection(SolutionConfigurationPlatforms) = preSolution
		Debug|Any CPU = Debug|Any CPU
		Release|Any CPU = Release|Any CPU
	EndGlobalSection
	GlobalSection(ProjectConfigurationPlatforms) = postSolution
		{E9343EEB-8BEA-4E57-BD36-033065B7F97F}.Debug|Any CPU.ActiveCfg = Debug|Any CPU
		{E9343EEB-8BEA-4E57-BD36-033065B7F97F}.Debug|Any CPU.Build.0 = Debug|Any CPU
		{E9343EEB-8BEA-4E57-BD36-033065B7F97F}.Release|Any CPU.ActiveCfg = Release|Any CPU
		{E9343EEB-8BEA-4E57-BD36-033065B7F97F}.Release|Any CPU.Build.0 = Release|Any CPU
		{AD5F7645-C65F-4E33-A113-9A2BDB50D1D3}.Debug|Any CPU.ActiveCfg = Debug|Any CPU
		{AD5F7645-C65F-4E33-A113-9A2BDB50D1D3}.Debug|Any CPU.Build.0 = Debug|Any CPU
		{AD5F7645-C65F-4E33-A113-9A2BDB50D1D3}.Release|Any CPU.ActiveCfg = Release|Any CPU
		{AD5F7645-C65F-4E33-A113-9A2BDB50D1D3}.Release|Any CPU.Build.0 = Release|Any CPU
		{D343CAF2-22AB-47A2-9A02-869FDF65EA98}.Debug|Any CPU.ActiveCfg = Debug|Any CPU
		{D343CAF2-22AB-47A2-9A02-869FDF65EA98}.Debug|Any CPU.Build.0 = Debug|Any CPU
		{D343CAF2-22AB-47A2-9A02-869FDF65EA98}.Release|Any CPU.ActiveCfg = Release|Any CPU
		{D343CAF2-22AB-47A2-9A02-869FDF65EA98}.Release|Any CPU.Build.0 = Release|Any CPU
		{8D283B21-BAFE-4718-8B9C-A79B1572EA16}.Debug|Any CPU.ActiveCfg = Debug|Any CPU
		{8D283B21-BAFE-4718-8B9C-A79B1572EA16}.Debug|Any CPU.Build.0 = Debug|Any CPU
		{8D283B21-BAFE-4718-8B9C-A79B1572EA16}.Release|Any CPU.ActiveCfg = Release|Any CPU
		{8D283B21-BAFE-4718-8B9C-A79B1572EA16}.Release|Any CPU.Build.0 = Release|Any CPU
		{08B5615A-1CB6-4EFB-9E39-5C3A8163A266}.Debug|Any CPU.ActiveCfg = Debug|Any CPU
		{08B5615A-1CB6-4EFB-9E39-5C3A8163A266}.Debug|Any CPU.Build.0 = Debug|Any CPU
		{08B5615A-1CB6-4EFB-9E39-5C3A8163A266}.Release|Any CPU.ActiveCfg = Release|Any CPU
		{08B5615A-1CB6-4EFB-9E39-5C3A8163A266}.Release|Any CPU.Build.0 = Release|Any CPU
		{A3130E4C-AC3D-4B3C-94EC-C2629C43A428}.Debug|Any CPU.ActiveCfg = Debug|Any CPU
		{A3130E4C-AC3D-4B3C-94EC-C2629C43A428}.Debug|Any CPU.Build.0 = Debug|Any CPU
		{A3130E4C-AC3D-4B3C-94EC-C2629C43A428}.Release|Any CPU.ActiveCfg = Release|Any CPU
		{A3130E4C-AC3D-4B3C-94EC-C2629C43A428}.Release|Any CPU.Build.0 = Release|Any CPU
		{4FBADFAE-12AF-4CA9-AC6E-3BD5AEF92F59}.Debug|Any CPU.ActiveCfg = Debug|Any CPU
		{4FBADFAE-12AF-4CA9-AC6E-3BD5AEF92F59}.Debug|Any CPU.Build.0 = Debug|Any CPU
		{4FBADFAE-12AF-4CA9-AC6E-3BD5AEF92F59}.Release|Any CPU.ActiveCfg = Release|Any CPU
		{4FBADFAE-12AF-4CA9-AC6E-3BD5AEF92F59}.Release|Any CPU.Build.0 = Release|Any CPU
	EndGlobalSection
	GlobalSection(SolutionProperties) = preSolution
		HideSolutionNode = FALSE
	EndGlobalSection
	GlobalSection(ExtensibilityGlobals) = postSolution
		SolutionGuid = {3829A5F8-8DE7-4A7D-A64A-7BE319C97589}
	EndGlobalSection
EndGlobal
